
Microsoft Visual Studio Solution File, Format Version 12.00
# Visual Studio Version 17
VisualStudioVersion = 17.4.33213.308
MinimumVisualStudioVersion = 10.0.40219.1
Project("{9A19103F-16F7-4668-BE54-9A1E7A4F7556}") = "COPVETFinances", "COPVETFinances.csproj", "{8D86B076-1CA6-47FD-89D5-76F954E5E9C0}"
EndProject
Global
	GlobalSection(SolutionConfigurationPlatforms) = preSolution
		Debug|Any CPU = Debug|Any CPU
		Release|Any CPU = Release|Any CPU
	EndGlobalSection
	GlobalSection(ProjectConfigurationPlatforms) = postSolution
		{8D86B076-1CA6-47FD-89D5-76F954E5E9C0}.Debug|Any CPU.ActiveCfg = Debug|Any CPU
		{8D86B076-1CA6-47FD-89D5-76F954E5E9C0}.Debug|Any CPU.Build.0 = Debug|Any CPU
		{8D86B076-1CA6-47FD-89D5-76F954E5E9C0}.Release|Any CPU.ActiveCfg = Release|Any CPU
		{8D86B076-1CA6-47FD-89D5-76F954E5E9C0}.Release|Any CPU.Build.0 = Release|Any CPU
	EndGlobalSection
	GlobalSection(SolutionProperties) = preSolution
		HideSolutionNode = FALSE
	EndGlobalSection
	GlobalSection(ExtensibilityGlobals) = postSolution
		SolutionGuid = {0954EE19-5215-4B23-9CC1-FB4B22E98C0E}
	EndGlobalSection
EndGlobal
